
Microsoft Visual Studio Solution File, Format Version 12.00
# Visual Studio Version 17
VisualStudioVersion = 17.9.34728.123
MinimumVisualStudioVersion = 10.0.40219.1
Project("{9A19103F-16F7-4668-BE54-9A1E7A4F7556}") = "CodigoClase13", "CodigoClase13\CodigoClase13.csproj", "{8A866C30-12B3-48AB-9BDA-264F4CD1B731}"
EndProject
Project("{FAE04EC0-301F-11D3-BF4B-00C04F79EFBC}") = "Demo2", "Demo2\Demo2.csproj", "{239A0D95-8AFE-4C4B-B3AD-F26993C9C224}"
EndProject
Global
	GlobalSection(SolutionConfigurationPlatforms) = preSolution
		Debug|Any CPU = Debug|Any CPU
		Release|Any CPU = Release|Any CPU
	EndGlobalSection
	GlobalSection(ProjectConfigurationPlatforms) = postSolution
		{8A866C30-12B3-48AB-9BDA-264F4CD1B731}.Debug|Any CPU.ActiveCfg = Debug|Any CPU
		{8A866C30-12B3-48AB-9BDA-264F4CD1B731}.Debug|Any CPU.Build.0 = Debug|Any CPU
		{8A866C30-12B3-48AB-9BDA-264F4CD1B731}.Release|Any CPU.ActiveCfg = Release|Any CPU
		{8A866C30-12B3-48AB-9BDA-264F4CD1B731}.Release|Any CPU.Build.0 = Release|Any CPU
		{239A0D95-8AFE-4C4B-B3AD-F26993C9C224}.Debug|Any CPU.ActiveCfg = Debug|Any CPU
		{239A0D95-8AFE-4C4B-B3AD-F26993C9C224}.Debug|Any CPU.Build.0 = Debug|Any CPU
		{239A0D95-8AFE-4C4B-B3AD-F26993C9C224}.Release|Any CPU.ActiveCfg = Release|Any CPU
		{239A0D95-8AFE-4C4B-B3AD-F26993C9C224}.Release|Any CPU.Build.0 = Release|Any CPU
	EndGlobalSection
	GlobalSection(SolutionProperties) = preSolution
		HideSolutionNode = FALSE
	EndGlobalSection
	GlobalSection(ExtensibilityGlobals) = postSolution
		SolutionGuid = {4BA8F6FE-277C-4387-A244-4BE5FFBC8EAD}
	EndGlobalSection
EndGlobal
